
Microsoft Visual Studio Solution File, Format Version 10.00
# Visual Studio 2008
Project("{FAE04EC0-301F-11D3-BF4B-00C04F79EFBC}") = "GPSRCmdGen", "GPSRCmdGen\GPSRCmdGen (legacy).csproj", "{34FB033E-112E-418F-B815-ADB8EC36027C}"
EndProject
Project("{FAE04EC0-301F-11D3-BF4B-00C04F79EFBC}") = "CommandGenerator", "CommandGenerator\CommandGenerator (legacy).csproj", "{0C657018-3F18-40D4-836E-2D2D0D529660}"
EndProject
Project("{FAE04EC0-301F-11D3-BF4B-00C04F79EFBC}") = "EEGPSRCmdGen", "EEGPSRCmdGen\EEGPSRCmdGen (legacy).csproj", "{CC113145-1565-4976-8D87-8C2D40471F2E}"
EndProject
Global
	GlobalSection(SolutionConfigurationPlatforms) = preSolution
		Debug|x86 = Debug|x86
		Release|x86 = Release|x86
	EndGlobalSection
	GlobalSection(ProjectConfigurationPlatforms) = postSolution
		{0C657018-3F18-40D4-836E-2D2D0D529660}.Debug|x86.ActiveCfg = Debug|x86
		{0C657018-3F18-40D4-836E-2D2D0D529660}.Debug|x86.Build.0 = Debug|x86
		{0C657018-3F18-40D4-836E-2D2D0D529660}.Release|x86.ActiveCfg = Release|x86
		{0C657018-3F18-40D4-836E-2D2D0D529660}.Release|x86.Build.0 = Release|x86
		{34FB033E-112E-418F-B815-ADB8EC36027C}.Debug|x86.ActiveCfg = Debug|x86
		{34FB033E-112E-418F-B815-ADB8EC36027C}.Debug|x86.Build.0 = Debug|x86
		{34FB033E-112E-418F-B815-ADB8EC36027C}.Release|x86.ActiveCfg = Release|x86
		{34FB033E-112E-418F-B815-ADB8EC36027C}.Release|x86.Build.0 = Release|x86
		{CC113145-1565-4976-8D87-8C2D40471F2E}.Debug|x86.ActiveCfg = Debug|x86
		{CC113145-1565-4976-8D87-8C2D40471F2E}.Debug|x86.Build.0 = Debug|x86
		{CC113145-1565-4976-8D87-8C2D40471F2E}.Release|x86.ActiveCfg = Release|x86
		{CC113145-1565-4976-8D87-8C2D40471F2E}.Release|x86.Build.0 = Release|x86
	EndGlobalSection
	GlobalSection(SolutionProperties) = preSolution
		HideSolutionNode = FALSE
	EndGlobalSection
EndGlobal
