
Microsoft Visual Studio Solution File, Format Version 11.00
# Visual Studio 2010
Project("{FAE04EC0-301F-11D3-BF4B-00C04F79EFBC}") = "GPSRCmdGen", "GPSRCmdGen.csproj", "{34FB033E-112E-418F-B815-ADB8EC36027C}"
EndProject
Global
	GlobalSection(SolutionConfigurationPlatforms) = preSolution
		Debug|x86 = Debug|x86
		Release|x86 = Release|x86
	EndGlobalSection
	GlobalSection(ProjectConfigurationPlatforms) = postSolution
		{34FB033E-112E-418F-B815-ADB8EC36027C}.Debug|x86.ActiveCfg = Debug|x86
		{34FB033E-112E-418F-B815-ADB8EC36027C}.Debug|x86.Build.0 = Debug|x86
		{34FB033E-112E-418F-B815-ADB8EC36027C}.Release|x86.ActiveCfg = Release|x86
		{34FB033E-112E-418F-B815-ADB8EC36027C}.Release|x86.Build.0 = Release|x86
	EndGlobalSection
	GlobalSection(MonoDevelopProperties) = preSolution
		StartupItem = GPSRCmdGen.csproj
	EndGlobalSection
EndGlobal
