
Microsoft Visual Studio Solution File, Format Version 12.00
# Visual Studio 2012
VisualStudioVersion = 12.0.30501.0
MinimumVisualStudioVersion = 10.0.40219.1
Project("{FAE04EC0-301F-11D3-BF4B-00C04F79EFBC}") = "CommandGenerator", "CommandGenerator\CommandGenerator.csproj", "{0C657018-3F18-40D4-836E-2D2D0D529660}"
EndProject
Project("{FAE04EC0-301F-11D3-BF4B-00C04F79EFBC}") = "GPSRCmdGen", "GPSRCmdGen\GPSRCmdGen.csproj", "{34FB033E-112E-418F-B815-ADB8EC36027C}"
EndProject
Project("{FAE04EC0-301F-11D3-BF4B-00C04F79EFBC}") = "EEGPSRCmdGen", "EEGPSRCmdGen\EEGPSRCmdGen.csproj", "{CC113145-1565-4976-8D87-8C2D40471F2E}"
EndProject
Project("{FAE04EC0-301F-11D3-BF4B-00C04F79EFBC}") = "SPRTest", "SPRTest\SPRTest.csproj", "{348A5CFF-F80E-4E23-8192-4F2B1D82BF7A}"
EndProject
Global
	GlobalSection(SolutionConfigurationPlatforms) = preSolution
		Debug|x86 = Debug|x86
		Release|x86 = Release|x86
	EndGlobalSection
	GlobalSection(ProjectConfigurationPlatforms) = postSolution
		{0C657018-3F18-40D4-836E-2D2D0D529660}.Debug|x86.ActiveCfg = Debug|x86
		{0C657018-3F18-40D4-836E-2D2D0D529660}.Debug|x86.Build.0 = Debug|x86
		{0C657018-3F18-40D4-836E-2D2D0D529660}.Release|x86.ActiveCfg = Release|x86
		{0C657018-3F18-40D4-836E-2D2D0D529660}.Release|x86.Build.0 = Release|x86
		{348A5CFF-F80E-4E23-8192-4F2B1D82BF7A}.Debug|x86.ActiveCfg = Debug|x86
		{348A5CFF-F80E-4E23-8192-4F2B1D82BF7A}.Debug|x86.Build.0 = Debug|x86
		{348A5CFF-F80E-4E23-8192-4F2B1D82BF7A}.Release|x86.ActiveCfg = Release|x86
		{348A5CFF-F80E-4E23-8192-4F2B1D82BF7A}.Release|x86.Build.0 = Release|x86
		{34FB033E-112E-418F-B815-ADB8EC36027C}.Debug|x86.ActiveCfg = Debug|x86
		{34FB033E-112E-418F-B815-ADB8EC36027C}.Debug|x86.Build.0 = Debug|x86
		{34FB033E-112E-418F-B815-ADB8EC36027C}.Release|x86.ActiveCfg = Release|x86
		{34FB033E-112E-418F-B815-ADB8EC36027C}.Release|x86.Build.0 = Release|x86
		{CC113145-1565-4976-8D87-8C2D40471F2E}.Debug|x86.ActiveCfg = Debug|x86
		{CC113145-1565-4976-8D87-8C2D40471F2E}.Debug|x86.Build.0 = Debug|x86
		{CC113145-1565-4976-8D87-8C2D40471F2E}.Release|x86.ActiveCfg = Release|x86
		{CC113145-1565-4976-8D87-8C2D40471F2E}.Release|x86.Build.0 = Release|x86
	EndGlobalSection
	GlobalSection(MonoDevelopProperties) = preSolution
		Policies = $0
		$0.DotNetNamingPolicy = $1
		$1.DirectoryNamespaceAssociation = Hierarchical
		$1.ResourceNamePolicy = FileFormatDefault
		$0.TextStylePolicy = $2
		$2.TabsToSpaces = False
		$2.inheritsSet = VisualStudio
		$2.inheritsScope = text/plain
		$2.scope = text/x-csharp
		$0.CSharpFormattingPolicy = $3
		$3.IndentSwitchBody = True
		$3.IndentBlocksInsideExpressions = True
		$3.AnonymousMethodBraceStyle = NextLine
		$3.PropertyBraceStyle = NextLine
		$3.PropertyGetBraceStyle = NextLine
		$3.PropertySetBraceStyle = NextLine
		$3.EventBraceStyle = NextLine
		$3.EventAddBraceStyle = NextLine
		$3.EventRemoveBraceStyle = NextLine
		$3.StatementBraceStyle = NextLine
		$3.ElseNewLinePlacement = NewLine
		$3.CatchNewLinePlacement = NewLine
		$3.FinallyNewLinePlacement = NewLine
		$3.WhileNewLinePlacement = DoNotCare
		$3.ArrayInitializerWrapping = DoNotChange
		$3.ArrayInitializerBraceStyle = NextLine
		$3.BeforeMethodDeclarationParentheses = False
		$3.BeforeMethodCallParentheses = False
		$3.BeforeConstructorDeclarationParentheses = False
		$3.NewLineBeforeConstructorInitializerColon = NewLine
		$3.NewLineAfterConstructorInitializerColon = SameLine
		$3.BeforeDelegateDeclarationParentheses = False
		$3.NewParentheses = False
		$3.SpacesBeforeBrackets = False
		$3.inheritsSet = Mono
		$3.inheritsScope = text/x-csharp
		$3.scope = text/x-csharp
	EndGlobalSection
	GlobalSection(SolutionProperties) = preSolution
		HideSolutionNode = FALSE
	EndGlobalSection
EndGlobal
